
Microsoft Visual Studio Solution File, Format Version 12.00
# Visual Studio Version 17
VisualStudioVersion = 17.14.36511.14 d17.14
MinimumVisualStudioVersion = 10.0.40219.1
Project("{FAE04EC0-301F-11D3-BF4B-00C04F79EFBC}") = "MO-31-2_Savchenko_LeksonAI", "MO-31-2_Savchenko_LeksonAI\MO-31-2_Savchenko_LeksonAI.csproj", "{9C41F679-FBE5-460B-B70C-1CEDB25542FC}"
EndProject
Global
	GlobalSection(SolutionConfigurationPlatforms) = preSolution
		Debug|Any CPU = Debug|Any CPU
		Release|Any CPU = Release|Any CPU
	EndGlobalSection
	GlobalSection(ProjectConfigurationPlatforms) = postSolution
		{9C41F679-FBE5-460B-B70C-1CEDB25542FC}.Debug|Any CPU.ActiveCfg = Debug|Any CPU
		{9C41F679-FBE5-460B-B70C-1CEDB25542FC}.Debug|Any CPU.Build.0 = Debug|Any CPU
		{9C41F679-FBE5-460B-B70C-1CEDB25542FC}.Release|Any CPU.ActiveCfg = Release|Any CPU
		{9C41F679-FBE5-460B-B70C-1CEDB25542FC}.Release|Any CPU.Build.0 = Release|Any CPU
	EndGlobalSection
	GlobalSection(SolutionProperties) = preSolution
		HideSolutionNode = FALSE
	EndGlobalSection
	GlobalSection(ExtensibilityGlobals) = postSolution
		SolutionGuid = {36EE2599-3611-45C8-8E66-3854356D70F2}
	EndGlobalSection
EndGlobal
